
Microsoft Visual Studio Solution File, Format Version 12.00
# Visual Studio 15
VisualStudioVersion = 15.0.28307.1738
MinimumVisualStudioVersion = 10.0.40219.1
Project("{FAE04EC0-301F-11D3-BF4B-00C04F79EFBC}") = "ExcelXmlTool", "ExcelXmlTool\ExcelXmlTool.csproj", "{2F3493F0-044A-493C-B79E-85AFE1D38F78}"
EndProject
Global
	GlobalSection(SolutionConfigurationPlatforms) = preSolution
		Debug|Any CPU = Debug|Any CPU
		Release|Any CPU = Release|Any CPU
	EndGlobalSection
	GlobalSection(ProjectConfigurationPlatforms) = postSolution
		{2F3493F0-044A-493C-B79E-85AFE1D38F78}.Debug|Any CPU.ActiveCfg = Debug|Any CPU
		{2F3493F0-044A-493C-B79E-85AFE1D38F78}.Debug|Any CPU.Build.0 = Debug|Any CPU
		{2F3493F0-044A-493C-B79E-85AFE1D38F78}.Release|Any CPU.ActiveCfg = Release|Any CPU
		{2F3493F0-044A-493C-B79E-85AFE1D38F78}.Release|Any CPU.Build.0 = Release|Any CPU
	EndGlobalSection
	GlobalSection(SolutionProperties) = preSolution
		HideSolutionNode = FALSE
	EndGlobalSection
	GlobalSection(ExtensibilityGlobals) = postSolution
		SolutionGuid = {66DF531D-1344-420A-9523-6E6F65FE0F3F}
	EndGlobalSection
EndGlobal
